
Microsoft Visual Studio Solution File, Format Version 12.00
# Visual Studio 15
VisualStudioVersion = 15.0.28307.168
MinimumVisualStudioVersion = 10.0.40219.1
Project("{9A19103F-16F7-4668-BE54-9A1E7A4F7556}") = "Svg", "Svg.csproj", "{886A98C5-37C0-4E8B-885E-30C1D2F98B47}"
EndProject
Project("{9A19103F-16F7-4668-BE54-9A1E7A4F7556}") = "Svg.UnitTests", "..\Tests\Svg.UnitTests\Svg.UnitTests.csproj", "{E702EB7D-D01D-438A-BADD-E72D4E49109F}"
EndProject
Project("{2150E333-8FDC-42A3-9474-1A3956D46DE8}") = "Solution Items", "Solution Items", "{A417AF1E-BEDB-4715-B4FD-D795579217F9}"
	ProjectSection(SolutionItems) = preProject
		Local.testsettings = Local.testsettings
		Svg.vsmdi = Svg.vsmdi
		TraceAndTestImpact.testsettings = TraceAndTestImpact.testsettings
	EndProjectSection
EndProject
Global
	GlobalSection(SolutionConfigurationPlatforms) = preSolution
		Debug|Any CPU = Debug|Any CPU
		Debug|Mixed Platforms = Debug|Mixed Platforms
		Debug|x86 = Debug|x86
		Release|Any CPU = Release|Any CPU
		Release|Mixed Platforms = Release|Mixed Platforms
		Release|x86 = Release|x86
	EndGlobalSection
	GlobalSection(ProjectConfigurationPlatforms) = postSolution
		{886A98C5-37C0-4E8B-885E-30C1D2F98B47}.Debug|Any CPU.ActiveCfg = Release|Any CPU
		{886A98C5-37C0-4E8B-885E-30C1D2F98B47}.Debug|Any CPU.Build.0 = Release|Any CPU
		{886A98C5-37C0-4E8B-885E-30C1D2F98B47}.Debug|Mixed Platforms.ActiveCfg = Debug|Any CPU
		{886A98C5-37C0-4E8B-885E-30C1D2F98B47}.Debug|Mixed Platforms.Build.0 = Debug|Any CPU
		{886A98C5-37C0-4E8B-885E-30C1D2F98B47}.Debug|x86.ActiveCfg = Debug|Any CPU
		{886A98C5-37C0-4E8B-885E-30C1D2F98B47}.Release|Any CPU.ActiveCfg = Release|Any CPU
		{886A98C5-37C0-4E8B-885E-30C1D2F98B47}.Release|Any CPU.Build.0 = Release|Any CPU
		{886A98C5-37C0-4E8B-885E-30C1D2F98B47}.Release|Mixed Platforms.ActiveCfg = Release|Any CPU
		{886A98C5-37C0-4E8B-885E-30C1D2F98B47}.Release|Mixed Platforms.Build.0 = Release|Any CPU
		{886A98C5-37C0-4E8B-885E-30C1D2F98B47}.Release|x86.ActiveCfg = Release|Any CPU
		{E702EB7D-D01D-438A-BADD-E72D4E49109F}.Debug|Any CPU.ActiveCfg = Release|Any CPU
		{E702EB7D-D01D-438A-BADD-E72D4E49109F}.Debug|Any CPU.Build.0 = Release|Any CPU
		{E702EB7D-D01D-438A-BADD-E72D4E49109F}.Debug|Mixed Platforms.ActiveCfg = Debug|Any CPU
		{E702EB7D-D01D-438A-BADD-E72D4E49109F}.Debug|Mixed Platforms.Build.0 = Debug|Any CPU
		{E702EB7D-D01D-438A-BADD-E72D4E49109F}.Debug|x86.ActiveCfg = Debug|Any CPU
		{E702EB7D-D01D-438A-BADD-E72D4E49109F}.Release|Any CPU.ActiveCfg = Release|Any CPU
		{E702EB7D-D01D-438A-BADD-E72D4E49109F}.Release|Any CPU.Build.0 = Release|Any CPU
		{E702EB7D-D01D-438A-BADD-E72D4E49109F}.Release|Mixed Platforms.ActiveCfg = Release|Any CPU
		{E702EB7D-D01D-438A-BADD-E72D4E49109F}.Release|Mixed Platforms.Build.0 = Release|Any CPU
		{E702EB7D-D01D-438A-BADD-E72D4E49109F}.Release|x86.ActiveCfg = Release|Any CPU
	EndGlobalSection
	GlobalSection(SolutionProperties) = preSolution
		HideSolutionNode = FALSE
	EndGlobalSection
	GlobalSection(ExtensibilityGlobals) = postSolution
		SolutionGuid = {5096EEB3-8F41-44B5-BCF9-58743A59AB21}
	EndGlobalSection
	GlobalSection(TestCaseManagementSettings) = postSolution
		CategoryFile = Svg.vsmdi
	EndGlobalSection
EndGlobal
