
Microsoft Visual Studio Solution File, Format Version 12.00
# Visual Studio 14
VisualStudioVersion = 14.0.25123.0
MinimumVisualStudioVersion = 10.0.40219.1
Project("{FAE04EC0-301F-11D3-BF4B-00C04F79EFBC}") = "Svg", "Svg.csproj", "{886A98C5-37C0-4E8B-885E-30C1D2F98B47}"
EndProject
Project("{FAE04EC0-301F-11D3-BF4B-00C04F79EFBC}") = "SVGViewer", "..\Samples\SVGViewer\SVGViewer.csproj", "{1B8F3C8A-CCAC-474E-B09D-522FBA93DCFD}"
EndProject
Project("{FAE04EC0-301F-11D3-BF4B-00C04F79EFBC}") = "Svg.UnitTests", "..\Tests\Svg.UnitTests\Svg.UnitTests.csproj", "{E702EB7D-D01D-438A-BADD-E72D4E49109F}"
EndProject
Project("{2150E333-8FDC-42A3-9474-1A3956D46DE8}") = "Solution Items", "Solution Items", "{A417AF1E-BEDB-4715-B4FD-D795579217F9}"
	ProjectSection(SolutionItems) = preProject
		Local.testsettings = Local.testsettings
		Svg.vsmdi = Svg.vsmdi
		TraceAndTestImpact.testsettings = TraceAndTestImpact.testsettings
	EndProjectSection
EndProject
Project("{FAE04EC0-301F-11D3-BF4B-00C04F79EFBC}") = "SvgW3CTestRunner", "..\Tests\SvgW3CTestRunner\SvgW3CTestRunner.csproj", "{8ED74C39-6CFF-421E-952A-30F9E6957108}"
EndProject
Project("{FF286327-C783-4F7A-AB73-9BCBAD0D4460}") = "Svg.Package", "SvgNuget\Svg.Package.nuproj", "{AEEFC0CC-6D17-439D-B8E0-53B713485E3B}"
EndProject
Global
	GlobalSection(SolutionConfigurationPlatforms) = preSolution
		Debug|Any CPU = Debug|Any CPU
		Debug|Mixed Platforms = Debug|Mixed Platforms
		Debug|x86 = Debug|x86
		Release|Any CPU = Release|Any CPU
		Release|Mixed Platforms = Release|Mixed Platforms
		Release|x86 = Release|x86
	EndGlobalSection
	GlobalSection(ProjectConfigurationPlatforms) = postSolution
		{886A98C5-37C0-4E8B-885E-30C1D2F98B47}.Debug|Any CPU.ActiveCfg = Release|Any CPU
		{886A98C5-37C0-4E8B-885E-30C1D2F98B47}.Debug|Any CPU.Build.0 = Release|Any CPU
		{886A98C5-37C0-4E8B-885E-30C1D2F98B47}.Debug|Mixed Platforms.ActiveCfg = Debug|Any CPU
		{886A98C5-37C0-4E8B-885E-30C1D2F98B47}.Debug|Mixed Platforms.Build.0 = Debug|Any CPU
		{886A98C5-37C0-4E8B-885E-30C1D2F98B47}.Debug|x86.ActiveCfg = Debug|Any CPU
		{886A98C5-37C0-4E8B-885E-30C1D2F98B47}.Release|Any CPU.ActiveCfg = Release|Any CPU
		{886A98C5-37C0-4E8B-885E-30C1D2F98B47}.Release|Any CPU.Build.0 = Release|Any CPU
		{886A98C5-37C0-4E8B-885E-30C1D2F98B47}.Release|Mixed Platforms.ActiveCfg = Release|Any CPU
		{886A98C5-37C0-4E8B-885E-30C1D2F98B47}.Release|Mixed Platforms.Build.0 = Release|Any CPU
		{886A98C5-37C0-4E8B-885E-30C1D2F98B47}.Release|x86.ActiveCfg = Release|Any CPU
		{1B8F3C8A-CCAC-474E-B09D-522FBA93DCFD}.Debug|Any CPU.ActiveCfg = Release|Any CPU
		{1B8F3C8A-CCAC-474E-B09D-522FBA93DCFD}.Debug|Any CPU.Build.0 = Release|Any CPU
		{1B8F3C8A-CCAC-474E-B09D-522FBA93DCFD}.Debug|Mixed Platforms.ActiveCfg = Debug|x86
		{1B8F3C8A-CCAC-474E-B09D-522FBA93DCFD}.Debug|Mixed Platforms.Build.0 = Debug|x86
		{1B8F3C8A-CCAC-474E-B09D-522FBA93DCFD}.Debug|x86.ActiveCfg = Debug|x86
		{1B8F3C8A-CCAC-474E-B09D-522FBA93DCFD}.Debug|x86.Build.0 = Debug|Any CPU
		{1B8F3C8A-CCAC-474E-B09D-522FBA93DCFD}.Release|Any CPU.ActiveCfg = Release|Any CPU
		{1B8F3C8A-CCAC-474E-B09D-522FBA93DCFD}.Release|Any CPU.Build.0 = Release|Any CPU
		{1B8F3C8A-CCAC-474E-B09D-522FBA93DCFD}.Release|Mixed Platforms.ActiveCfg = Release|x86
		{1B8F3C8A-CCAC-474E-B09D-522FBA93DCFD}.Release|Mixed Platforms.Build.0 = Release|x86
		{1B8F3C8A-CCAC-474E-B09D-522FBA93DCFD}.Release|x86.ActiveCfg = Release|Any CPU
		{1B8F3C8A-CCAC-474E-B09D-522FBA93DCFD}.Release|x86.Build.0 = Release|Any CPU
		{E702EB7D-D01D-438A-BADD-E72D4E49109F}.Debug|Any CPU.ActiveCfg = Release|Any CPU
		{E702EB7D-D01D-438A-BADD-E72D4E49109F}.Debug|Any CPU.Build.0 = Release|Any CPU
		{E702EB7D-D01D-438A-BADD-E72D4E49109F}.Debug|Mixed Platforms.ActiveCfg = Debug|Any CPU
		{E702EB7D-D01D-438A-BADD-E72D4E49109F}.Debug|Mixed Platforms.Build.0 = Debug|Any CPU
		{E702EB7D-D01D-438A-BADD-E72D4E49109F}.Debug|x86.ActiveCfg = Debug|Any CPU
		{E702EB7D-D01D-438A-BADD-E72D4E49109F}.Release|Any CPU.ActiveCfg = Release|Any CPU
		{E702EB7D-D01D-438A-BADD-E72D4E49109F}.Release|Any CPU.Build.0 = Release|Any CPU
		{E702EB7D-D01D-438A-BADD-E72D4E49109F}.Release|Mixed Platforms.ActiveCfg = Release|Any CPU
		{E702EB7D-D01D-438A-BADD-E72D4E49109F}.Release|Mixed Platforms.Build.0 = Release|Any CPU
		{E702EB7D-D01D-438A-BADD-E72D4E49109F}.Release|x86.ActiveCfg = Release|Any CPU
		{8ED74C39-6CFF-421E-952A-30F9E6957108}.Debug|Any CPU.ActiveCfg = Release|x86
		{8ED74C39-6CFF-421E-952A-30F9E6957108}.Debug|Any CPU.Build.0 = Release|x86
		{8ED74C39-6CFF-421E-952A-30F9E6957108}.Debug|Mixed Platforms.ActiveCfg = Debug|x86
		{8ED74C39-6CFF-421E-952A-30F9E6957108}.Debug|Mixed Platforms.Build.0 = Debug|x86
		{8ED74C39-6CFF-421E-952A-30F9E6957108}.Debug|x86.ActiveCfg = Debug|x86
		{8ED74C39-6CFF-421E-952A-30F9E6957108}.Debug|x86.Build.0 = Debug|x86
		{8ED74C39-6CFF-421E-952A-30F9E6957108}.Release|Any CPU.ActiveCfg = Release|x86
		{8ED74C39-6CFF-421E-952A-30F9E6957108}.Release|Any CPU.Build.0 = Release|x86
		{8ED74C39-6CFF-421E-952A-30F9E6957108}.Release|Mixed Platforms.ActiveCfg = Release|x86
		{8ED74C39-6CFF-421E-952A-30F9E6957108}.Release|Mixed Platforms.Build.0 = Release|x86
		{8ED74C39-6CFF-421E-952A-30F9E6957108}.Release|x86.ActiveCfg = Release|x86
		{8ED74C39-6CFF-421E-952A-30F9E6957108}.Release|x86.Build.0 = Release|x86
		{AEEFC0CC-6D17-439D-B8E0-53B713485E3B}.Debug|Any CPU.ActiveCfg = Debug|Any CPU
		{AEEFC0CC-6D17-439D-B8E0-53B713485E3B}.Debug|Any CPU.Build.0 = Debug|Any CPU
		{AEEFC0CC-6D17-439D-B8E0-53B713485E3B}.Debug|Mixed Platforms.ActiveCfg = Debug|Any CPU
		{AEEFC0CC-6D17-439D-B8E0-53B713485E3B}.Debug|Mixed Platforms.Build.0 = Debug|Any CPU
		{AEEFC0CC-6D17-439D-B8E0-53B713485E3B}.Debug|x86.ActiveCfg = Debug|Any CPU
		{AEEFC0CC-6D17-439D-B8E0-53B713485E3B}.Debug|x86.Build.0 = Debug|Any CPU
		{AEEFC0CC-6D17-439D-B8E0-53B713485E3B}.Release|Any CPU.ActiveCfg = Release|Any CPU
		{AEEFC0CC-6D17-439D-B8E0-53B713485E3B}.Release|Any CPU.Build.0 = Release|Any CPU
		{AEEFC0CC-6D17-439D-B8E0-53B713485E3B}.Release|Mixed Platforms.ActiveCfg = Release|Any CPU
		{AEEFC0CC-6D17-439D-B8E0-53B713485E3B}.Release|Mixed Platforms.Build.0 = Release|Any CPU
		{AEEFC0CC-6D17-439D-B8E0-53B713485E3B}.Release|x86.ActiveCfg = Release|Any CPU
		{AEEFC0CC-6D17-439D-B8E0-53B713485E3B}.Release|x86.Build.0 = Release|Any CPU
	EndGlobalSection
	GlobalSection(SolutionProperties) = preSolution
		HideSolutionNode = FALSE
	EndGlobalSection
	GlobalSection(TestCaseManagementSettings) = postSolution
		CategoryFile = Svg.vsmdi
	EndGlobalSection
EndGlobal
